
Microsoft Visual Studio Solution File, Format Version 12.00
# Visual Studio Version 16
VisualStudioVersion = 16.0.31515.178
MinimumVisualStudioVersion = 10.0.40219.1
Project("{9A19103F-16F7-4668-BE54-9A1E7A4F7556}") = "ShippingCompany", "ShippingCompany\ShippingCompany.csproj", "{075016A3-DC30-4294-BDBC-E9C935DF0F62}"
EndProject
Project("{FAE04EC0-301F-11D3-BF4B-00C04F79EFBC}") = "ShippingCompanyModels", "ShippingCompanyModels\ShippingCompanyModels.csproj", "{45CA3F22-E9C6-4AA3-85E2-2AD89178D1E5}"
EndProject
Global
	GlobalSection(SolutionConfigurationPlatforms) = preSolution
		Debug|Any CPU = Debug|Any CPU
		Release|Any CPU = Release|Any CPU
	EndGlobalSection
	GlobalSection(ProjectConfigurationPlatforms) = postSolution
		{075016A3-DC30-4294-BDBC-E9C935DF0F62}.Debug|Any CPU.ActiveCfg = Debug|Any CPU
		{075016A3-DC30-4294-BDBC-E9C935DF0F62}.Debug|Any CPU.Build.0 = Debug|Any CPU
		{075016A3-DC30-4294-BDBC-E9C935DF0F62}.Release|Any CPU.ActiveCfg = Release|Any CPU
		{075016A3-DC30-4294-BDBC-E9C935DF0F62}.Release|Any CPU.Build.0 = Release|Any CPU
		{45CA3F22-E9C6-4AA3-85E2-2AD89178D1E5}.Debug|Any CPU.ActiveCfg = Debug|Any CPU
		{45CA3F22-E9C6-4AA3-85E2-2AD89178D1E5}.Debug|Any CPU.Build.0 = Debug|Any CPU
		{45CA3F22-E9C6-4AA3-85E2-2AD89178D1E5}.Release|Any CPU.ActiveCfg = Release|Any CPU
		{45CA3F22-E9C6-4AA3-85E2-2AD89178D1E5}.Release|Any CPU.Build.0 = Release|Any CPU
	EndGlobalSection
	GlobalSection(SolutionProperties) = preSolution
		HideSolutionNode = FALSE
	EndGlobalSection
	GlobalSection(ExtensibilityGlobals) = postSolution
		SolutionGuid = {8A11347B-C38F-4FCC-AB01-C60EC13CB7DC}
	EndGlobalSection
EndGlobal
